
Microsoft Visual Studio Solution File, Format Version 12.00
# Visual Studio Version 17
VisualStudioVersion = 17.0.31903.59
MinimumVisualStudioVersion = 10.0.40219.1
Project("{FAE04EC0-301F-11D3-BF4B-00C04F79EFBC}") = "EasyInjector", "EasyInjector\EasyInjector.csproj", "{31C600A5-2FF7-4BEB-A34A-C83FA092DC45}"
EndProject
Project("{FAE04EC0-301F-11D3-BF4B-00C04F79EFBC}") = "test", "test\test.csproj", "{0E13F2B5-7786-4E3B-BBA7-16499F16853D}"
EndProject
Global
	GlobalSection(SolutionConfigurationPlatforms) = preSolution
		Debug|Any CPU = Debug|Any CPU
		Release|Any CPU = Release|Any CPU
	EndGlobalSection
	GlobalSection(SolutionProperties) = preSolution
		HideSolutionNode = FALSE
	EndGlobalSection
	GlobalSection(ProjectConfigurationPlatforms) = postSolution
		{31C600A5-2FF7-4BEB-A34A-C83FA092DC45}.Debug|Any CPU.ActiveCfg = Debug|Any CPU
		{31C600A5-2FF7-4BEB-A34A-C83FA092DC45}.Debug|Any CPU.Build.0 = Debug|Any CPU
		{31C600A5-2FF7-4BEB-A34A-C83FA092DC45}.Release|Any CPU.ActiveCfg = Release|Any CPU
		{31C600A5-2FF7-4BEB-A34A-C83FA092DC45}.Release|Any CPU.Build.0 = Release|Any CPU
		{0E13F2B5-7786-4E3B-BBA7-16499F16853D}.Debug|Any CPU.ActiveCfg = Debug|Any CPU
		{0E13F2B5-7786-4E3B-BBA7-16499F16853D}.Debug|Any CPU.Build.0 = Debug|Any CPU
		{0E13F2B5-7786-4E3B-BBA7-16499F16853D}.Release|Any CPU.ActiveCfg = Release|Any CPU
		{0E13F2B5-7786-4E3B-BBA7-16499F16853D}.Release|Any CPU.Build.0 = Release|Any CPU
	EndGlobalSection
EndGlobal
